{
  "name": "givenpm",
  "version": "1.0.0",
  "lockfileVersion": 1,
  "requires": true,
  "dependencies": {
    "echofan-npm-test": {
      "version": "1.0.2",
      "resolved": "https://registry.npmjs.org/echofan-npm-test/-/echofan-npm-test-1.0.2.tgz",
      "integrity": "sha512-TXhuDlrUFIpfjfA9ptlbVl1bwX0E+B2tv9MjuNW+zmIfh7FC0xcdX3mHzqvhZIMiRGGX4HNTZCXafSlnUUR33A==",
      "dev": true
    }
  }
}
